// !$*UTF8*$!
{
	archiveVersion = 1;
	classes = {
	};
	objectVersion = 55;
	objects = {

/* Begin PBXBuildFile section */
		BDDCA4D527A8E67000A8B4CA /* AppDelegate.swift in Sources */ = {isa = PBXBuildFile; fileRef = BDDCA4D427A8E66F00A8B4CA /* AppDelegate.swift */; };
		BDDCA4D727A8E67000A8B4CA /* SceneDelegate.swift in Sources */ = {isa = PBXBuildFile; fileRef = BDDCA4D627A8E67000A8B4CA /* SceneDelegate.swift */; };
		BDDCA4D927A8E67000A8B4CA /* HomeViewController.swift in Sources */ = {isa = PBXBuildFile; fileRef = BDDCA4D827A8E67000A8B4CA /* HomeViewController.swift */; };
		BDDCA4DC27A8E67000A8B4CA /* Main.storyboard in Resources */ = {isa = PBXBuildFile; fileRef = BDDCA4DA27A8E67000A8B4CA /* Main.storyboard */; };
		BDDCA4DE27A8E67300A8B4CA /* Assets.xcassets in Resources */ = {isa = PBXBuildFile; fileRef = BDDCA4DD27A8E67300A8B4CA /* Assets.xcassets */; };
		BDDCA4E127A8E67300A8B4CA /* LaunchScreen.storyboard in Resources */ = {isa = PBXBuildFile; fileRef = BDDCA4DF27A8E67300A8B4CA /* LaunchScreen.storyboard */; };
		BDDCA4EF27A93E5300A8B4CA /* LocationCollectionViewCell.swift in Sources */ = {isa = PBXBuildFile; fileRef = BDDCA4EE27A93E5300A8B4CA /* LocationCollectionViewCell.swift */; };
		BDEC313E27AA469F00A447E6 /* HomeViewModel.swift in Sources */ = {isa = PBXBuildFile; fileRef = BDEC313D27AA469F00A447E6 /* HomeViewModel.swift */; };
		BDEC314027AA4AE100A447E6 /* HomeViewConstants.swift in Sources */ = {isa = PBXBuildFile; fileRef = BDEC313F27AA4AE100A447E6 /* HomeViewConstants.swift */; };
		BDEC314227AA549800A447E6 /* Weather.swift in Sources */ = {isa = PBXBuildFile; fileRef = BDEC314127AA549800A447E6 /* Weather.swift */; };
		BDEC314527AA571600A447E6 /* NetworkManager.swift in Sources */ = {isa = PBXBuildFile; fileRef = BDEC314427AA571600A447E6 /* NetworkManager.swift */; };
/* End PBXBuildFile section */

/* Begin PBXFileReference section */
		BDDCA4D127A8E66F00A8B4CA /* WeatherApp.app */ = {isa = PBXFileReference; explicitFileType = wrapper.application; includeInIndex = 0; path = WeatherApp.app; sourceTree = BUILT_PRODUCTS_DIR; };
		BDDCA4D427A8E66F00A8B4CA /* AppDelegate.swift */ = {isa = PBXFileReference; lastKnownFileType = sourcecode.swift; path = AppDelegate.swift; sourceTree = "<group>"; };
		BDDCA4D627A8E67000A8B4CA /* SceneDelegate.swift */ = {isa = PBXFileReference; lastKnownFileType = sourcecode.swift; path = SceneDelegate.swift; sourceTree = "<group>"; };
		BDDCA4D827A8E67000A8B4CA /* HomeViewController.swift */ = {isa = PBXFileReference; lastKnownFileType = sourcecode.swift; path = HomeViewController.swift; sourceTree = "<group>"; };
		BDDCA4DB27A8E67000A8B4CA /* Base */ = {isa = PBXFileReference; lastKnownFileType = file.storyboard; name = Base; path = Base.lproj/Main.storyboard; sourceTree = "<group>"; };
		BDDCA4DD27A8E67300A8B4CA /* Assets.xcassets */ = {isa = PBXFileReference; lastKnownFileType = folder.assetcatalog; path = Assets.xcassets; sourceTree = "<group>"; };
		BDDCA4E027A8E67300A8B4CA /* Base */ = {isa = PBXFileReference; lastKnownFileType = file.storyboard; name = Base; path = Base.lproj/LaunchScreen.storyboard; sourceTree = "<group>"; };
		BDDCA4E227A8E67300A8B4CA /* Info.plist */ = {isa = PBXFileReference; lastKnownFileType = text.plist.xml; path = Info.plist; sourceTree = "<group>"; };
		BDDCA4EE27A93E5300A8B4CA /* LocationCollectionViewCell.swift */ = {isa = PBXFileReference; lastKnownFileType = sourcecode.swift; path = LocationCollectionViewCell.swift; sourceTree = "<group>"; };
		BDEC313D27AA469F00A447E6 /* HomeViewModel.swift */ = {isa = PBXFileReference; lastKnownFileType = sourcecode.swift; path = HomeViewModel.swift; sourceTree = "<group>"; };
		BDEC313F27AA4AE100A447E6 /* HomeViewConstants.swift */ = {isa = PBXFileReference; lastKnownFileType = sourcecode.swift; path = HomeViewConstants.swift; sourceTree = "<group>"; };
		BDEC314127AA549800A447E6 /* Weather.swift */ = {isa = PBXFileReference; lastKnownFileType = sourcecode.swift; path = Weather.swift; sourceTree = "<group>"; };
		BDEC314427AA571600A447E6 /* NetworkManager.swift */ = {isa = PBXFileReference; lastKnownFileType = sourcecode.swift; path = NetworkManager.swift; sourceTree = "<group>"; };
/* End PBXFileReference section */

/* Begin PBXFrameworksBuildPhase section */
		BDDCA4CE27A8E66F00A8B4CA /* Frameworks */ = {
			isa = PBXFrameworksBuildPhase;
			buildActionMask = 2147483647;
			files = (
			);
			runOnlyForDeploymentPostprocessing = 0;
		};
/* End PBXFrameworksBuildPhase section */

/* Begin PBXGroup section */
		BDDCA4C827A8E66F00A8B4CA = {
			isa = PBXGroup;
			children = (
				BDDCA4D327A8E66F00A8B4CA /* WeatherApp */,
				BDDCA4D227A8E66F00A8B4CA /* Products */,
			);
			sourceTree = "<group>";
		};
		BDDCA4D227A8E66F00A8B4CA /* Products */ = {
			isa = PBXGroup;
			children = (
				BDDCA4D127A8E66F00A8B4CA /* WeatherApp.app */,
			);
			name = Products;
			sourceTree = "<group>";
		};
		BDDCA4D327A8E66F00A8B4CA /* WeatherApp */ = {
			isa = PBXGroup;
			children = (
				BDEC314327AA563900A447E6 /* NetworkManager */,
				BDDCA4D427A8E66F00A8B4CA /* AppDelegate.swift */,
				BDDCA4D627A8E67000A8B4CA /* SceneDelegate.swift */,
				BDDCA4DA27A8E67000A8B4CA /* Main.storyboard */,
				BDDCA4DD27A8E67300A8B4CA /* Assets.xcassets */,
				BDDCA4DF27A8E67300A8B4CA /* LaunchScreen.storyboard */,
				BDDCA4E227A8E67300A8B4CA /* Info.plist */,
				BDEC313B27AA3D1400A447E6 /* Utilities */,
				BDEC313927AA3C5500A447E6 /* Models */,
				BDEC313727AA3C1F00A447E6 /* ViewControllers */,
				BDEC313827AA3C3C00A447E6 /* ViewModels */,
				BDEC313A27AA3C6100A447E6 /* CollectionViewCells */,
			);
			path = WeatherApp;
			sourceTree = "<group>";
		};
		BDEC313727AA3C1F00A447E6 /* ViewControllers */ = {
			isa = PBXGroup;
			children = (
				BDDCA4D827A8E67000A8B4CA /* HomeViewController.swift */,
			);
			path = ViewControllers;
			sourceTree = "<group>";
		};
		BDEC313827AA3C3C00A447E6 /* ViewModels */ = {
			isa = PBXGroup;
			children = (
				BDEC313D27AA469F00A447E6 /* HomeViewModel.swift */,
			);
			path = ViewModels;
			sourceTree = "<group>";
		};
		BDEC313927AA3C5500A447E6 /* Models */ = {
			isa = PBXGroup;
			children = (
				BDEC314127AA549800A447E6 /* Weather.swift */,
			);
			path = Models;
			sourceTree = "<group>";
		};
		BDEC313A27AA3C6100A447E6 /* CollectionViewCells */ = {
			isa = PBXGroup;
			children = (
				BDDCA4EE27A93E5300A8B4CA /* LocationCollectionViewCell.swift */,
			);
			path = CollectionViewCells;
			sourceTree = "<group>";
		};
		BDEC313B27AA3D1400A447E6 /* Utilities */ = {
			isa = PBXGroup;
			children = (
				BDEC313C27AA3D3900A447E6 /* Constants */,
			);
			path = Utilities;
			sourceTree = "<group>";
		};
		BDEC313C27AA3D3900A447E6 /* Constants */ = {
			isa = PBXGroup;
			children = (
				BDEC313F27AA4AE100A447E6 /* HomeViewConstants.swift */,
			);
			path = Constants;
			sourceTree = "<group>";
		};
		BDEC314327AA563900A447E6 /* NetworkManager */ = {
			isa = PBXGroup;
			children = (
				BDEC314427AA571600A447E6 /* NetworkManager.swift */,
			);
			path = NetworkManager;
			sourceTree = "<group>";
		};
/* End PBXGroup section */

/* Begin PBXNativeTarget section */
		BDDCA4D027A8E66F00A8B4CA /* WeatherApp */ = {
			isa = PBXNativeTarget;
			buildConfigurationList = BDDCA4E527A8E67300A8B4CA /* Build configuration list for PBXNativeTarget "WeatherApp" */;
			buildPhases = (
				BDDCA4CD27A8E66F00A8B4CA /* Sources */,
				BDDCA4CE27A8E66F00A8B4CA /* Frameworks */,
				BDDCA4CF27A8E66F00A8B4CA /* Resources */,
			);
			buildRules = (
			);
			dependencies = (
			);
			name = WeatherApp;
			productName = WeatherApp;
			productReference = BDDCA4D127A8E66F00A8B4CA /* WeatherApp.app */;
			productType = "com.apple.product-type.application";
		};
/* End PBXNativeTarget section */

/* Begin PBXProject section */
		BDDCA4C927A8E66F00A8B4CA /* Project object */ = {
			isa = PBXProject;
			attributes = {
				BuildIndependentTargetsInParallel = 1;
				LastSwiftUpdateCheck = 1300;
				LastUpgradeCheck = 1300;
				TargetAttributes = {
					BDDCA4D027A8E66F00A8B4CA = {
						CreatedOnToolsVersion = 13.0;
					};
				};
			};
			buildConfigurationList = BDDCA4CC27A8E66F00A8B4CA /* Build configuration list for PBXProject "WeatherApp" */;
			compatibilityVersion = "Xcode 13.0";
			developmentRegion = en;
			hasScannedForEncodings = 0;
			knownRegions = (
				en,
				Base,
			);
			mainGroup = BDDCA4C827A8E66F00A8B4CA;
			productRefGroup = BDDCA4D227A8E66F00A8B4CA /* Products */;
			projectDirPath = "";
			projectRoot = "";
			targets = (
				BDDCA4D027A8E66F00A8B4CA /* WeatherApp */,
			);
		};
/* End PBXProject section */

/* Begin PBXResourcesBuildPhase section */
		BDDCA4CF27A8E66F00A8B4CA /* Resources */ = {
			isa = PBXResourcesBuildPhase;
			buildActionMask = 2147483647;
			files = (
				BDDCA4E127A8E67300A8B4CA /* LaunchScreen.storyboard in Resources */,
				BDDCA4DE27A8E67300A8B4CA /* Assets.xcassets in Resources */,
				BDDCA4DC27A8E67000A8B4CA /* Main.storyboard in Resources */,
			);
			runOnlyForDeploymentPostprocessing = 0;
		};
/* End PBXResourcesBuildPhase section */

/* Begin PBXSourcesBuildPhase section */
		BDDCA4CD27A8E66F00A8B4CA /* Sources */ = {
			isa = PBXSourcesBuildPhase;
			buildActionMask = 2147483647;
			files = (
				BDEC314527AA571600A447E6 /* NetworkManager.swift in Sources */,
				BDEC314227AA549800A447E6 /* Weather.swift in Sources */,
				BDDCA4D927A8E67000A8B4CA /* HomeViewController.swift in Sources */,
				BDEC314027AA4AE100A447E6 /* HomeViewConstants.swift in Sources */,
				BDEC313E27AA469F00A447E6 /* HomeViewModel.swift in Sources */,
				BDDCA4D527A8E67000A8B4CA /* AppDelegate.swift in Sources */,
				BDDCA4EF27A93E5300A8B4CA /* LocationCollectionViewCell.swift in Sources */,
				BDDCA4D727A8E67000A8B4CA /* SceneDelegate.swift in Sources */,
			);
			runOnlyForDeploymentPostprocessing = 0;
		};
/* End PBXSourcesBuildPhase section */

/* Begin PBXVariantGroup section */
		BDDCA4DA27A8E67000A8B4CA /* Main.storyboard */ = {
			isa = PBXVariantGroup;
			children = (
				BDDCA4DB27A8E67000A8B4CA /* Base */,
			);
			name = Main.storyboard;
			sourceTree = "<group>";
		};
		BDDCA4DF27A8E67300A8B4CA /* LaunchScreen.storyboard */ = {
			isa = PBXVariantGroup;
			children = (
				BDDCA4E027A8E67300A8B4CA /* Base */,
			);
			name = LaunchScreen.storyboard;
			sourceTree = "<group>";
		};
/* End PBXVariantGroup section */

/* Begin XCBuildConfiguration section */
		BDDCA4E327A8E67300A8B4CA /* Debug */ = {
			isa = XCBuildConfiguration;
			buildSettings = {
				ALWAYS_SEARCH_USER_PATHS = NO;
				CLANG_ANALYZER_NONNULL = YES;
				CLANG_ANALYZER_NUMBER_OBJECT_CONVERSION = YES_AGGRESSIVE;
				CLANG_CXX_LANGUAGE_STANDARD = "gnu++17";
				CLANG_CXX_LIBRARY = "libc++";
				CLANG_ENABLE_MODULES = YES;
				CLANG_ENABLE_OBJC_ARC = YES;
				CLANG_ENABLE_OBJC_WEAK = YES;
				CLANG_WARN_BLOCK_CAPTURE_AUTORELEASING = YES;
				CLANG_WARN_BOOL_CONVERSION = YES;
				CLANG_WARN_COMMA = YES;
				CLANG_WARN_CONSTANT_CONVERSION = YES;
				CLANG_WARN_DEPRECATED_OBJC_IMPLEMENTATIONS = YES;
				CLANG_WARN_DIRECT_OBJC_ISA_USAGE = YES_ERROR;
				CLANG_WARN_DOCUMENTATION_COMMENTS = YES;
				CLANG_WARN_EMPTY_BODY = YES;
				CLANG_WARN_ENUM_CONVERSION = YES;
				CLANG_WARN_INFINITE_RECURSION = YES;
				CLANG_WARN_INT_CONVERSION = YES;
				CLANG_WARN_NON_LITERAL_NULL_CONVERSION = YES;
				CLANG_WARN_OBJC_IMPLICIT_RETAIN_SELF = YES;
				CLANG_WARN_OBJC_LITERAL_CONVERSION = YES;
				CLANG_WARN_OBJC_ROOT_CLASS = YES_ERROR;
				CLANG_WARN_QUOTED_INCLUDE_IN_FRAMEWORK_HEADER = YES;
				CLANG_WARN_RANGE_LOOP_ANALYSIS = YES;
				CLANG_WARN_STRICT_PROTOTYPES = YES;
				CLANG_WARN_SUSPICIOUS_MOVE = YES;
				CLANG_WARN_UNGUARDED_AVAILABILITY = YES_AGGRESSIVE;
				CLANG_WARN_UNREACHABLE_CODE = YES;
				CLANG_WARN__DUPLICATE_METHOD_MATCH = YES;
				COPY_PHASE_STRIP = NO;
				DEBUG_INFORMATION_FORMAT = dwarf;
				ENABLE_STRICT_OBJC_MSGSEND = YES;
				ENABLE_TESTABILITY = YES;
				GCC_C_LANGUAGE_STANDARD = gnu11;
				GCC_DYNAMIC_NO_PIC = NO;
				GCC_NO_COMMON_BLOCKS = YES;
				GCC_OPTIMIZATION_LEVEL = 0;
				GCC_PREPROCESSOR_DEFINITIONS = (
					"DEBUG=1",
					"$(inherited)",
				);
				GCC_WARN_64_TO_32_BIT_CONVERSION = YES;
				GCC_WARN_ABOUT_RETURN_TYPE = YES_ERROR;
				GCC_WARN_UNDECLARED_SELECTOR = YES;
				GCC_WARN_UNINITIALIZED_AUTOS = YES_AGGRESSIVE;
				GCC_WARN_UNUSED_FUNCTION = YES;
				GCC_WARN_UNUSED_VARIABLE = YES;
				IPHONEOS_DEPLOYMENT_TARGET = 15.0;
				MTL_ENABLE_DEBUG_INFO = INCLUDE_SOURCE;
				MTL_FAST_MATH = YES;
				ONLY_ACTIVE_ARCH = YES;
				SDKROOT = iphoneos;
				SWIFT_ACTIVE_COMPILATION_CONDITIONS = DEBUG;
				SWIFT_OPTIMIZATION_LEVEL = "-Onone";
			};
			name = Debug;
		};
		BDDCA4E427A8E67300A8B4CA /* Release */ = {
			isa = XCBuildConfiguration;
			buildSettings = {
				ALWAYS_SEARCH_USER_PATHS = NO;
				CLANG_ANALYZER_NONNULL = YES;
				CLANG_ANALYZER_NUMBER_OBJECT_CONVERSION = YES_AGGRESSIVE;
				CLANG_CXX_LANGUAGE_STANDARD = "gnu++17";
				CLANG_CXX_LIBRARY = "libc++";
				CLANG_ENABLE_MODULES = YES;
				CLANG_ENABLE_OBJC_ARC = YES;
				CLANG_ENABLE_OBJC_WEAK = YES;
				CLANG_WARN_BLOCK_CAPTURE_AUTORELEASING = YES;
				CLANG_WARN_BOOL_CONVERSION = YES;
				CLANG_WARN_COMMA = YES;
				CLANG_WARN_CONSTANT_CONVERSION = YES;
				CLANG_WARN_DEPRECATED_OBJC_IMPLEMENTATIONS = YES;
				CLANG_WARN_DIRECT_OBJC_ISA_USAGE = YES_ERROR;
				CLANG_WARN_DOCUMENTATION_COMMENTS = YES;
				CLANG_WARN_EMPTY_BODY = YES;
				CLANG_WARN_ENUM_CONVERSION = YES;
				CLANG_WARN_INFINITE_RECURSION = YES;
				CLANG_WARN_INT_CONVERSION = YES;
				CLANG_WARN_NON_LITERAL_NULL_CONVERSION = YES;
				CLANG_WARN_OBJC_IMPLICIT_RETAIN_SELF = YES;
				CLANG_WARN_OBJC_LITERAL_CONVERSION = YES;
				CLANG_WARN_OBJC_ROOT_CLASS = YES_ERROR;
				CLANG_WARN_QUOTED_INCLUDE_IN_FRAMEWORK_HEADER = YES;
				CLANG_WARN_RANGE_LOOP_ANALYSIS = YES;
				CLANG_WARN_STRICT_PROTOTYPES = YES;
				CLANG_WARN_SUSPICIOUS_MOVE = YES;
				CLANG_WARN_UNGUARDED_AVAILABILITY = YES_AGGRESSIVE;
				CLANG_WARN_UNREACHABLE_CODE = YES;
				CLANG_WARN__DUPLICATE_METHOD_MATCH = YES;
				COPY_PHASE_STRIP = NO;
				DEBUG_INFORMATION_FORMAT = "dwarf-with-dsym";
				ENABLE_NS_ASSERTIONS = NO;
				ENABLE_STRICT_OBJC_MSGSEND = YES;
				GCC_C_LANGUAGE_STANDARD = gnu11;
				GCC_NO_COMMON_BLOCKS = YES;
				GCC_WARN_64_TO_32_BIT_CONVERSION = YES;
				GCC_WARN_ABOUT_RETURN_TYPE = YES_ERROR;
				GCC_WARN_UNDECLARED_SELECTOR = YES;
				GCC_WARN_UNINITIALIZED_AUTOS = YES_AGGRESSIVE;
				GCC_WARN_UNUSED_FUNCTION = YES;
				GCC_WARN_UNUSED_VARIABLE = YES;
				IPHONEOS_DEPLOYMENT_TARGET = 15.0;
				MTL_ENABLE_DEBUG_INFO = NO;
				MTL_FAST_MATH = YES;
				SDKROOT = iphoneos;
				SWIFT_COMPILATION_MODE = wholemodule;
				SWIFT_OPTIMIZATION_LEVEL = "-O";
				VALIDATE_PRODUCT = YES;
			};
			name = Release;
		};
		BDDCA4E627A8E67300A8B4CA /* Debug */ = {
			isa = XCBuildConfiguration;
			buildSettings = {
				ASSETCATALOG_COMPILER_APPICON_NAME = AppIcon;
				ASSETCATALOG_COMPILER_GLOBAL_ACCENT_COLOR_NAME = AccentColor;
				CODE_SIGN_STYLE = Automatic;
				CURRENT_PROJECT_VERSION = 1;
				GENERATE_INFOPLIST_FILE = YES;
				INFOPLIST_FILE = WeatherApp/Info.plist;
				INFOPLIST_KEY_UIApplicationSupportsIndirectInputEvents = YES;
				INFOPLIST_KEY_UILaunchStoryboardName = LaunchScreen;
				INFOPLIST_KEY_UIMainStoryboardFile = Main;
				INFOPLIST_KEY_UISupportedInterfaceOrientations_iPad = "UIInterfaceOrientationPortrait UIInterfaceOrientationPortraitUpsideDown UIInterfaceOrientationLandscapeLeft UIInterfaceOrientationLandscapeRight";
				INFOPLIST_KEY_UISupportedInterfaceOrientations_iPhone = "UIInterfaceOrientationPortrait UIInterfaceOrientationLandscapeLeft UIInterfaceOrientationLandscapeRight";
				LD_RUNPATH_SEARCH_PATHS = (
					"$(inherited)",
					"@executable_path/Frameworks",
				);
				MARKETING_VERSION = 1.0;
				PRODUCT_BUNDLE_IDENTIFIER = com.yml.WeatherApp;
				PRODUCT_NAME = "$(TARGET_NAME)";
				SWIFT_EMIT_LOC_STRINGS = YES;
				SWIFT_VERSION = 5.0;
				TARGETED_DEVICE_FAMILY = "1,2";
			};
			name = Debug;
		};
		BDDCA4E727A8E67300A8B4CA /* Release */ = {
			isa = XCBuildConfiguration;
			buildSettings = {
				ASSETCATALOG_COMPILER_APPICON_NAME = AppIcon;
				ASSETCATALOG_COMPILER_GLOBAL_ACCENT_COLOR_NAME = AccentColor;
				CODE_SIGN_STYLE = Automatic;
				CURRENT_PROJECT_VERSION = 1;
				GENERATE_INFOPLIST_FILE = YES;
				INFOPLIST_FILE = WeatherApp/Info.plist;
				INFOPLIST_KEY_UIApplicationSupportsIndirectInputEvents = YES;
				INFOPLIST_KEY_UILaunchStoryboardName = LaunchScreen;
				INFOPLIST_KEY_UIMainStoryboardFile = Main;
				INFOPLIST_KEY_UISupportedInterfaceOrientations_iPad = "UIInterfaceOrientationPortrait UIInterfaceOrientationPortraitUpsideDown UIInterfaceOrientationLandscapeLeft UIInterfaceOrientationLandscapeRight";
				INFOPLIST_KEY_UISupportedInterfaceOrientations_iPhone = "UIInterfaceOrientationPortrait UIInterfaceOrientationLandscapeLeft UIInterfaceOrientationLandscapeRight";
				LD_RUNPATH_SEARCH_PATHS = (
					"$(inherited)",
					"@executable_path/Frameworks",
				);
				MARKETING_VERSION = 1.0;
				PRODUCT_BUNDLE_IDENTIFIER = com.yml.WeatherApp;
				PRODUCT_NAME = "$(TARGET_NAME)";
				SWIFT_EMIT_LOC_STRINGS = YES;
				SWIFT_VERSION = 5.0;
				TARGETED_DEVICE_FAMILY = "1,2";
			};
			name = Release;
		};
/* End XCBuildConfiguration section */

/* Begin XCConfigurationList section */
		BDDCA4CC27A8E66F00A8B4CA /* Build configuration list for PBXProject "WeatherApp" */ = {
			isa = XCConfigurationList;
			buildConfigurations = (
				BDDCA4E327A8E67300A8B4CA /* Debug */,
				BDDCA4E427A8E67300A8B4CA /* Release */,
			);
			defaultConfigurationIsVisible = 0;
			defaultConfigurationName = Release;
		};
		BDDCA4E527A8E67300A8B4CA /* Build configuration list for PBXNativeTarget "WeatherApp" */ = {
			isa = XCConfigurationList;
			buildConfigurations = (
				BDDCA4E627A8E67300A8B4CA /* Debug */,
				BDDCA4E727A8E67300A8B4CA /* Release */,
			);
			defaultConfigurationIsVisible = 0;
			defaultConfigurationName = Release;
		};
/* End XCConfigurationList section */
	};
	rootObject = BDDCA4C927A8E66F00A8B4CA /* Project object */;
}
